
Microsoft Visual Studio Solution File, Format Version 12.00
# Visual Studio Version 17
VisualStudioVersion = 17.5.33627.172
MinimumVisualStudioVersion = 10.0.40219.1
Project("{FAE04EC0-301F-11D3-BF4B-00C04F79EFBC}") = "extensionMethods", "extensionMethods\extensionMethods.csproj", "{37709231-CD00-405B-8113-1CEB94082239}"
EndProject
Global
	GlobalSection(SolutionConfigurationPlatforms) = preSolution
		Debug|Any CPU = Debug|Any CPU
		Release|Any CPU = Release|Any CPU
	EndGlobalSection
	GlobalSection(ProjectConfigurationPlatforms) = postSolution
		{37709231-CD00-405B-8113-1CEB94082239}.Debug|Any CPU.ActiveCfg = Debug|Any CPU
		{37709231-CD00-405B-8113-1CEB94082239}.Debug|Any CPU.Build.0 = Debug|Any CPU
		{37709231-CD00-405B-8113-1CEB94082239}.Release|Any CPU.ActiveCfg = Release|Any CPU
		{37709231-CD00-405B-8113-1CEB94082239}.Release|Any CPU.Build.0 = Release|Any CPU
	EndGlobalSection
	GlobalSection(SolutionProperties) = preSolution
		HideSolutionNode = FALSE
	EndGlobalSection
	GlobalSection(ExtensibilityGlobals) = postSolution
		SolutionGuid = {90F346AF-F89F-4D6C-9DC7-A9526B495442}
	EndGlobalSection
EndGlobal
